
Microsoft Visual Studio Solution File, Format Version 12.00
# Visual Studio Version 16
VisualStudioVersion = 16.0.30114.105
MinimumVisualStudioVersion = 10.0.40219.1
Project("{8BC9CEB8-8B4A-11D0-8D11-00A0C91BC942}") = "num1", "num1\num1.vcxproj", "{71B2830A-7B16-40B6-8775-F734144BB754}"
EndProject
Project("{8BC9CEB8-8B4A-11D0-8D11-00A0C91BC942}") = "num2", "num2\num2.vcxproj", "{D5D74446-9B11-4E71-BDA9-D8891C48D93B}"
EndProject
Project("{8BC9CEB8-8B4A-11D0-8D11-00A0C91BC942}") = "dz1", "dz1\dz1.vcxproj", "{29A09601-1A2F-4BFE-B1FF-CD1BEFAEC7F3}"
EndProject
Global
	GlobalSection(SolutionConfigurationPlatforms) = preSolution
		Debug|x64 = Debug|x64
		Debug|x86 = Debug|x86
		Release|x64 = Release|x64
		Release|x86 = Release|x86
	EndGlobalSection
	GlobalSection(ProjectConfigurationPlatforms) = postSolution
		{71B2830A-7B16-40B6-8775-F734144BB754}.Debug|x64.ActiveCfg = Debug|x64
		{71B2830A-7B16-40B6-8775-F734144BB754}.Debug|x64.Build.0 = Debug|x64
		{71B2830A-7B16-40B6-8775-F734144BB754}.Debug|x86.ActiveCfg = Debug|Win32
		{71B2830A-7B16-40B6-8775-F734144BB754}.Debug|x86.Build.0 = Debug|Win32
		{71B2830A-7B16-40B6-8775-F734144BB754}.Release|x64.ActiveCfg = Release|x64
		{71B2830A-7B16-40B6-8775-F734144BB754}.Release|x64.Build.0 = Release|x64
		{71B2830A-7B16-40B6-8775-F734144BB754}.Release|x86.ActiveCfg = Release|Win32
		{71B2830A-7B16-40B6-8775-F734144BB754}.Release|x86.Build.0 = Release|Win32
		{D5D74446-9B11-4E71-BDA9-D8891C48D93B}.Debug|x64.ActiveCfg = Debug|x64
		{D5D74446-9B11-4E71-BDA9-D8891C48D93B}.Debug|x64.Build.0 = Debug|x64
		{D5D74446-9B11-4E71-BDA9-D8891C48D93B}.Debug|x86.ActiveCfg = Debug|Win32
		{D5D74446-9B11-4E71-BDA9-D8891C48D93B}.Debug|x86.Build.0 = Debug|Win32
		{D5D74446-9B11-4E71-BDA9-D8891C48D93B}.Release|x64.ActiveCfg = Release|x64
		{D5D74446-9B11-4E71-BDA9-D8891C48D93B}.Release|x64.Build.0 = Release|x64
		{D5D74446-9B11-4E71-BDA9-D8891C48D93B}.Release|x86.ActiveCfg = Release|Win32
		{D5D74446-9B11-4E71-BDA9-D8891C48D93B}.Release|x86.Build.0 = Release|Win32
		{29A09601-1A2F-4BFE-B1FF-CD1BEFAEC7F3}.Debug|x64.ActiveCfg = Debug|x64
		{29A09601-1A2F-4BFE-B1FF-CD1BEFAEC7F3}.Debug|x64.Build.0 = Debug|x64
		{29A09601-1A2F-4BFE-B1FF-CD1BEFAEC7F3}.Debug|x86.ActiveCfg = Debug|Win32
		{29A09601-1A2F-4BFE-B1FF-CD1BEFAEC7F3}.Debug|x86.Build.0 = Debug|Win32
		{29A09601-1A2F-4BFE-B1FF-CD1BEFAEC7F3}.Release|x64.ActiveCfg = Release|x64
		{29A09601-1A2F-4BFE-B1FF-CD1BEFAEC7F3}.Release|x64.Build.0 = Release|x64
		{29A09601-1A2F-4BFE-B1FF-CD1BEFAEC7F3}.Release|x86.ActiveCfg = Release|Win32
		{29A09601-1A2F-4BFE-B1FF-CD1BEFAEC7F3}.Release|x86.Build.0 = Release|Win32
	EndGlobalSection
	GlobalSection(SolutionProperties) = preSolution
		HideSolutionNode = FALSE
	EndGlobalSection
	GlobalSection(ExtensibilityGlobals) = postSolution
		SolutionGuid = {1E5E402A-88F5-476D-B2CE-E3D4F317FEBC}
	EndGlobalSection
EndGlobal
